
Microsoft Visual Studio Solution File, Format Version 12.00
# Visual Studio Version 17
VisualStudioVersion = 17.10.35122.118
MinimumVisualStudioVersion = 10.0.40219.1
Project("{FAE04EC0-301F-11D3-BF4B-00C04F79EFBC}") = "CarEncapsulation", "CarEncapsulation\CarEncapsulation.csproj", "{3B4EF612-4257-453B-B47E-D10119D7C3A9}"
EndProject
Global
	GlobalSection(SolutionConfigurationPlatforms) = preSolution
		Debug|Any CPU = Debug|Any CPU
		Release|Any CPU = Release|Any CPU
	EndGlobalSection
	GlobalSection(ProjectConfigurationPlatforms) = postSolution
		{3B4EF612-4257-453B-B47E-D10119D7C3A9}.Debug|Any CPU.ActiveCfg = Debug|Any CPU
		{3B4EF612-4257-453B-B47E-D10119D7C3A9}.Debug|Any CPU.Build.0 = Debug|Any CPU
		{3B4EF612-4257-453B-B47E-D10119D7C3A9}.Release|Any CPU.ActiveCfg = Release|Any CPU
		{3B4EF612-4257-453B-B47E-D10119D7C3A9}.Release|Any CPU.Build.0 = Release|Any CPU
	EndGlobalSection
	GlobalSection(SolutionProperties) = preSolution
		HideSolutionNode = FALSE
	EndGlobalSection
	GlobalSection(ExtensibilityGlobals) = postSolution
		SolutionGuid = {23C4C353-4DBF-4DA7-9764-93A4DE7D9801}
	EndGlobalSection
EndGlobal
